{
  "name": "dataforged-test",
  "version": "1.0.0",
  "lockfileVersion": 2,
  "requires": true,
  "packages": {
    "": {
      "name": "dataforged-test",
      "version": "1.0.0",
      "license": "ISC",
      "dependencies": {
        "dataforged": "github:rsek/dataforged#5fc1e042c0dc6c989edd2a83b415abc64ac244c4"
      }
    },
    "node_modules/dataforged": {
      "version": "0.2.0",
      "resolved": "git+ssh://git@github.com/rsek/dataforged.git#5fc1e042c0dc6c989edd2a83b415abc64ac244c4",
      "integrity": "sha512-G9LRrV+WU2xKK+HAJpCxXMpXXcM1oIlRN7N3X3FxWdmYr0RCiv9ULN0dWK5yx5ZhAFsnsmWUkLPJEOf23tQb+Q==",
      "license": "SEE LICENSE IN LICENSE.md"
    }
  },
  "dependencies": {
    "dataforged": {
      "version": "git+ssh://git@github.com/rsek/dataforged.git#5fc1e042c0dc6c989edd2a83b415abc64ac244c4",
      "integrity": "sha512-G9LRrV+WU2xKK+HAJpCxXMpXXcM1oIlRN7N3X3FxWdmYr0RCiv9ULN0dWK5yx5ZhAFsnsmWUkLPJEOf23tQb+Q==",
      "from": "dataforged@github:rsek/dataforged#5fc1e042c0dc6c989edd2a83b415abc64ac244c4"
    }
  }
}
